Microsoft Visual Studio Solution File, Format Version 12.00
# Visual Studio 15
VisualStudioVersion = 15.0.27130.2036
MinimumVisualStudioVersion = 10.0.40219.1
Project("{FAE04EC0-301F-11D3-BF4B-00C04F79EFBC}") = "Task_01", "Task_01\Task_01.csproj", "{C608B3F7-E564-4A8A-A92F-5A31EAB189DC}"
EndProject
Project("{FAE04EC0-301F-11D3-BF4B-00C04F79EFBC}") = "Task_02", "Task_02\Task_02.csproj", "{3D078140-E587-4E1D-921C-7C604313CE9E}"
EndProject
Project("{FAE04EC0-301F-11D3-BF4B-00C04F79EFBC}") = "Task_03", "Task_03\Task_03.csproj", "{71E80EEA-88DA-4334-9C2D-2DD21FE28ACF}"
EndProject
Project("{FAE04EC0-301F-11D3-BF4B-00C04F79EFBC}") = "Task_04", "Task_04\Task_04.csproj", "{FCEE5F3A-731B-437B-BFEF-5E259904016B}"
EndProject
Project("{FAE04EC0-301F-11D3-BF4B-00C04F79EFBC}") = "task_DEV2", "Task_05\task_DEV2\task_DEV2.csproj", "{595DCBE8-8EE7-47D0-ADFE-F1EA5312F484}"
EndProject
Project("{2150E333-8FDC-42A3-9474-1A3956D46DE8}") = "Task_05", "Task_05", "{2A3758D7-6DD7-4230-88BD-C0830C101AA8}"
EndProject
Project("{9A19103F-16F7-4668-BE54-9A1E7A4F7556}") = "task_DEV2.Tests", "Task_05\task_DEV2.Tests\task_DEV2.Tests.csproj", "{4224D7F7-AF31-4124-B380-6F5B4EC23333}"
EndProject
Project("{FAE04EC0-301F-11D3-BF4B-00C04F79EFBC}") = "task_DEV3", "Task_05\task_DEV3\task_DEV3.csproj", "{A5507074-8A5C-4633-AF23-41E39997654F}"
EndProject
Project("{9A19103F-16F7-4668-BE54-9A1E7A4F7556}") = "task_DEV3.Tests", "Task_05\task_DEV3.Tests\task_DEV3.Tests.csproj", "{861C9782-7202-4440-BCDC-1058341725BD}"
EndProject
Global
	GlobalSection(SolutionConfigurationPlatforms) = preSolution
		Debug|Any CPU = Debug|Any CPU
		Debug|x64 = Debug|x64
		Debug|x86 = Debug|x86
		Release|Any CPU = Release|Any CPU
		Release|x64 = Release|x64
		Release|x86 = Release|x86
	EndGlobalSection
	GlobalSection(ProjectConfigurationPlatforms) = postSolution
		{C608B3F7-E564-4A8A-A92F-5A31EAB189DC}.Debug|Any CPU.ActiveCfg = Debug|Any CPU
		{C608B3F7-E564-4A8A-A92F-5A31EAB189DC}.Debug|Any CPU.Build.0 = Debug|Any CPU
		{C608B3F7-E564-4A8A-A92F-5A31EAB189DC}.Debug|x64.ActiveCfg = Debug|Any CPU
		{C608B3F7-E564-4A8A-A92F-5A31EAB189DC}.Debug|x64.Build.0 = Debug|Any CPU
		{C608B3F7-E564-4A8A-A92F-5A31EAB189DC}.Debug|x86.ActiveCfg = Debug|Any CPU
		{C608B3F7-E564-4A8A-A92F-5A31EAB189DC}.Debug|x86.Build.0 = Debug|Any CPU
		{C608B3F7-E564-4A8A-A92F-5A31EAB189DC}.Release|Any CPU.ActiveCfg = Release|Any CPU
		{C608B3F7-E564-4A8A-A92F-5A31EAB189DC}.Release|Any CPU.Build.0 = Release|Any CPU
		{C608B3F7-E564-4A8A-A92F-5A31EAB189DC}.Release|x64.ActiveCfg = Release|Any CPU
		{C608B3F7-E564-4A8A-A92F-5A31EAB189DC}.Release|x64.Build.0 = Release|Any CPU
		{C608B3F7-E564-4A8A-A92F-5A31EAB189DC}.Release|x86.ActiveCfg = Release|Any CPU
		{C608B3F7-E564-4A8A-A92F-5A31EAB189DC}.Release|x86.Build.0 = Release|Any CPU
		{3D078140-E587-4E1D-921C-7C604313CE9E}.Debug|Any CPU.ActiveCfg = Debug|Any CPU
		{3D078140-E587-4E1D-921C-7C604313CE9E}.Debug|Any CPU.Build.0 = Debug|Any CPU
		{3D078140-E587-4E1D-921C-7C604313CE9E}.Debug|x64.ActiveCfg = Debug|Any CPU
		{3D078140-E587-4E1D-921C-7C604313CE9E}.Debug|x64.Build.0 = Debug|Any CPU
		{3D078140-E587-4E1D-921C-7C604313CE9E}.Debug|x86.ActiveCfg = Debug|Any CPU
		{3D078140-E587-4E1D-921C-7C604313CE9E}.Debug|x86.Build.0 = Debug|Any CPU
		{3D078140-E587-4E1D-921C-7C604313CE9E}.Release|Any CPU.ActiveCfg = Release|Any CPU
		{3D078140-E587-4E1D-921C-7C604313CE9E}.Release|Any CPU.Build.0 = Release|Any CPU
		{3D078140-E587-4E1D-921C-7C604313CE9E}.Release|x64.ActiveCfg = Release|Any CPU
		{3D078140-E587-4E1D-921C-7C604313CE9E}.Release|x64.Build.0 = Release|Any CPU
		{3D078140-E587-4E1D-921C-7C604313CE9E}.Release|x86.ActiveCfg = Release|Any CPU
		{3D078140-E587-4E1D-921C-7C604313CE9E}.Release|x86.Build.0 = Release|Any CPU
		{71E80EEA-88DA-4334-9C2D-2DD21FE28ACF}.Debug|Any CPU.ActiveCfg = Debug|Any CPU
		{71E80EEA-88DA-4334-9C2D-2DD21FE28ACF}.Debug|Any CPU.Build.0 = Debug|Any CPU
		{71E80EEA-88DA-4334-9C2D-2DD21FE28ACF}.Debug|x64.ActiveCfg = Debug|Any CPU
		{71E80EEA-88DA-4334-9C2D-2DD21FE28ACF}.Debug|x64.Build.0 = Debug|Any CPU
		{71E80EEA-88DA-4334-9C2D-2DD21FE28ACF}.Debug|x86.ActiveCfg = Debug|Any CPU
		{71E80EEA-88DA-4334-9C2D-2DD21FE28ACF}.Debug|x86.Build.0 = Debug|Any CPU
		{71E80EEA-88DA-4334-9C2D-2DD21FE28ACF}.Release|Any CPU.ActiveCfg = Release|Any CPU
		{71E80EEA-88DA-4334-9C2D-2DD21FE28ACF}.Release|Any CPU.Build.0 = Release|Any CPU
		{71E80EEA-88DA-4334-9C2D-2DD21FE28ACF}.Release|x64.ActiveCfg = Release|Any CPU
		{71E80EEA-88DA-4334-9C2D-2DD21FE28ACF}.Release|x64.Build.0 = Release|Any CPU
		{71E80EEA-88DA-4334-9C2D-2DD21FE28ACF}.Release|x86.ActiveCfg = Release|Any CPU
		{71E80EEA-88DA-4334-9C2D-2DD21FE28ACF}.Release|x86.Build.0 = Release|Any CPU
		{FCEE5F3A-731B-437B-BFEF-5E259904016B}.Debug|Any CPU.ActiveCfg = Debug|Any CPU
		{FCEE5F3A-731B-437B-BFEF-5E259904016B}.Debug|Any CPU.Build.0 = Debug|Any CPU
		{FCEE5F3A-731B-437B-BFEF-5E259904016B}.Debug|x64.ActiveCfg = Debug|Any CPU
		{FCEE5F3A-731B-437B-BFEF-5E259904016B}.Debug|x64.Build.0 = Debug|Any CPU
		{FCEE5F3A-731B-437B-BFEF-5E259904016B}.Debug|x86.ActiveCfg = Debug|Any CPU
		{FCEE5F3A-731B-437B-BFEF-5E259904016B}.Debug|x86.Build.0 = Debug|Any CPU
		{FCEE5F3A-731B-437B-BFEF-5E259904016B}.Release|Any CPU.ActiveCfg = Release|Any CPU
		{FCEE5F3A-731B-437B-BFEF-5E259904016B}.Release|Any CPU.Build.0 = Release|Any CPU
		{FCEE5F3A-731B-437B-BFEF-5E259904016B}.Release|x64.ActiveCfg = Release|Any CPU
		{FCEE5F3A-731B-437B-BFEF-5E259904016B}.Release|x64.Build.0 = Release|Any CPU
		{FCEE5F3A-731B-437B-BFEF-5E259904016B}.Release|x86.ActiveCfg = Release|Any CPU
		{FCEE5F3A-731B-437B-BFEF-5E259904016B}.Release|x86.Build.0 = Release|Any CPU
		{595DCBE8-8EE7-47D0-ADFE-F1EA5312F484}.Debug|Any CPU.ActiveCfg = Debug|Any CPU
		{595DCBE8-8EE7-47D0-ADFE-F1EA5312F484}.Debug|Any CPU.Build.0 = Debug|Any CPU
		{595DCBE8-8EE7-47D0-ADFE-F1EA5312F484}.Debug|x64.ActiveCfg = Debug|Any CPU
		{595DCBE8-8EE7-47D0-ADFE-F1EA5312F484}.Debug|x64.Build.0 = Debug|Any CPU
		{595DCBE8-8EE7-47D0-ADFE-F1EA5312F484}.Debug|x86.ActiveCfg = Debug|Any CPU
		{595DCBE8-8EE7-47D0-ADFE-F1EA5312F484}.Debug|x86.Build.0 = Debug|Any CPU
		{595DCBE8-8EE7-47D0-ADFE-F1EA5312F484}.Release|Any CPU.ActiveCfg = Release|Any CPU
		{595DCBE8-8EE7-47D0-ADFE-F1EA5312F484}.Release|Any CPU.Build.0 = Release|Any CPU
		{595DCBE8-8EE7-47D0-ADFE-F1EA5312F484}.Release|x64.ActiveCfg = Release|Any CPU
		{595DCBE8-8EE7-47D0-ADFE-F1EA5312F484}.Release|x64.Build.0 = Release|Any CPU
		{595DCBE8-8EE7-47D0-ADFE-F1EA5312F484}.Release|x86.ActiveCfg = Release|Any CPU
		{595DCBE8-8EE7-47D0-ADFE-F1EA5312F484}.Release|x86.Build.0 = Release|Any CPU
		{4224D7F7-AF31-4124-B380-6F5B4EC23333}.Debug|Any CPU.ActiveCfg = Debug|Any CPU
		{4224D7F7-AF31-4124-B380-6F5B4EC23333}.Debug|Any CPU.Build.0 = Debug|Any CPU
		{4224D7F7-AF31-4124-B380-6F5B4EC23333}.Debug|x64.ActiveCfg = Debug|Any CPU
		{4224D7F7-AF31-4124-B380-6F5B4EC23333}.Debug|x64.Build.0 = Debug|Any CPU
		{4224D7F7-AF31-4124-B380-6F5B4EC23333}.Debug|x86.ActiveCfg = Debug|Any CPU
		{4224D7F7-AF31-4124-B380-6F5B4EC23333}.Debug|x86.Build.0 = Debug|Any CPU
		{4224D7F7-AF31-4124-B380-6F5B4EC23333}.Release|Any CPU.ActiveCfg = Release|Any CPU
		{4224D7F7-AF31-4124-B380-6F5B4EC23333}.Release|Any CPU.Build.0 = Release|Any CPU
		{4224D7F7-AF31-4124-B380-6F5B4EC23333}.Release|x64.ActiveCfg = Release|Any CPU
		{4224D7F7-AF31-4124-B380-6F5B4EC23333}.Release|x64.Build.0 = Release|Any CPU
		{4224D7F7-AF31-4124-B380-6F5B4EC23333}.Release|x86.ActiveCfg = Release|Any CPU
		{4224D7F7-AF31-4124-B380-6F5B4EC23333}.Release|x86.Build.0 = Release|Any CPU
		{A5507074-8A5C-4633-AF23-41E39997654F}.Debug|Any CPU.ActiveCfg = Debug|Any CPU
		{A5507074-8A5C-4633-AF23-41E39997654F}.Debug|Any CPU.Build.0 = Debug|Any CPU
		{A5507074-8A5C-4633-AF23-41E39997654F}.Debug|x64.ActiveCfg = Debug|Any CPU
		{A5507074-8A5C-4633-AF23-41E39997654F}.Debug|x64.Build.0 = Debug|Any CPU
		{A5507074-8A5C-4633-AF23-41E39997654F}.Debug|x86.ActiveCfg = Debug|Any CPU
		{A5507074-8A5C-4633-AF23-41E39997654F}.Debug|x86.Build.0 = Debug|Any CPU
		{A5507074-8A5C-4633-AF23-41E39997654F}.Release|Any CPU.ActiveCfg = Release|Any CPU
		{A5507074-8A5C-4633-AF23-41E39997654F}.Release|Any CPU.Build.0 = Release|Any CPU
		{A5507074-8A5C-4633-AF23-41E39997654F}.Release|x64.ActiveCfg = Release|Any CPU
		{A5507074-8A5C-4633-AF23-41E39997654F}.Release|x64.Build.0 = Release|Any CPU
		{A5507074-8A5C-4633-AF23-41E39997654F}.Release|x86.ActiveCfg = Release|Any CPU
		{A5507074-8A5C-4633-AF23-41E39997654F}.Release|x86.Build.0 = Release|Any CPU
		{861C9782-7202-4440-BCDC-1058341725BD}.Debug|Any CPU.ActiveCfg = Debug|Any CPU
		{861C9782-7202-4440-BCDC-1058341725BD}.Debug|Any CPU.Build.0 = Debug|Any CPU
		{861C9782-7202-4440-BCDC-1058341725BD}.Debug|x64.ActiveCfg = Debug|Any CPU
		{861C9782-7202-4440-BCDC-1058341725BD}.Debug|x64.Build.0 = Debug|Any CPU
		{861C9782-7202-4440-BCDC-1058341725BD}.Debug|x86.ActiveCfg = Debug|Any CPU
		{861C9782-7202-4440-BCDC-1058341725BD}.Debug|x86.Build.0 = Debug|Any CPU
		{861C9782-7202-4440-BCDC-1058341725BD}.Release|Any CPU.ActiveCfg = Release|Any CPU
		{861C9782-7202-4440-BCDC-1058341725BD}.Release|Any CPU.Build.0 = Release|Any CPU
		{861C9782-7202-4440-BCDC-1058341725BD}.Release|x64.ActiveCfg = Release|Any CPU
		{861C9782-7202-4440-BCDC-1058341725BD}.Release|x64.Build.0 = Release|Any CPU
		{861C9782-7202-4440-BCDC-1058341725BD}.Release|x86.ActiveCfg = Release|Any CPU
		{861C9782-7202-4440-BCDC-1058341725BD}.Release|x86.Build.0 = Release|Any CPU
	EndGlobalSection
	GlobalSection(SolutionProperties) = preSolution
		HideSolutionNode = FALSE
	EndGlobalSection
	GlobalSection(NestedProjects) = preSolution
		{595DCBE8-8EE7-47D0-ADFE-F1EA5312F484} = {2A3758D7-6DD7-4230-88BD-C0830C101AA8}
		{4224D7F7-AF31-4124-B380-6F5B4EC23333} = {2A3758D7-6DD7-4230-88BD-C0830C101AA8}
		{A5507074-8A5C-4633-AF23-41E39997654F} = {2A3758D7-6DD7-4230-88BD-C0830C101AA8}
		{861C9782-7202-4440-BCDC-1058341725BD} = {2A3758D7-6DD7-4230-88BD-C0830C101AA8}
	EndGlobalSection
	GlobalSection(ExtensibilityGlobals) = postSolution
		SolutionGuid = {0CEE8BE3-1863-47BA-AFC9-81ADD8437E65}
	EndGlobalSection
EndGlobal
